
Microsoft Visual Studio Solution File, Format Version 12.00
# Visual Studio 15
VisualStudioVersion = 15.0.28307.136
MinimumVisualStudioVersion = 10.0.40219.1
Project("{FAE04EC0-301F-11D3-BF4B-00C04F79EFBC}") = "modernpos_pos", "modernpos_pos\modernpos_pos.csproj", "{B08EF597-F117-4D2F-955A-18EA60114351}"
EndProject
Global
	GlobalSection(SolutionConfigurationPlatforms) = preSolution
		Debug|Any CPU = Debug|Any CPU
		Release|Any CPU = Release|Any CPU
	EndGlobalSection
	GlobalSection(ProjectConfigurationPlatforms) = postSolution
		{B08EF597-F117-4D2F-955A-18EA60114351}.Debug|Any CPU.ActiveCfg = Debug|Any CPU
		{B08EF597-F117-4D2F-955A-18EA60114351}.Debug|Any CPU.Build.0 = Debug|Any CPU
		{B08EF597-F117-4D2F-955A-18EA60114351}.Release|Any CPU.ActiveCfg = Release|Any CPU
		{B08EF597-F117-4D2F-955A-18EA60114351}.Release|Any CPU.Build.0 = Release|Any CPU
	EndGlobalSection
	GlobalSection(SolutionProperties) = preSolution
		HideSolutionNode = FALSE
	EndGlobalSection
	GlobalSection(ExtensibilityGlobals) = postSolution
		SolutionGuid = {B867469A-4E44-4ECE-ABE1-8255DF6A7FF0}
	EndGlobalSection
EndGlobal
